// !$*UTF8*$!
{
	archiveVersion = 1;
	classes = {
	};
	objectVersion = 55;
	objects = {

/* Begin PBXBuildFile section */
		9D0DCFC128718CFA00039594 /* SelectableButton.swift in Sources */ = {isa = PBXBuildFile; fileRef = 9D0DCFC028718CFA00039594 /* SelectableButton.swift */; };
		9D13FF752870334D00B38051 /* PostingMainViewController.swift in Sources */ = {isa = PBXBuildFile; fileRef = 9D13FF742870334D00B38051 /* PostingMainViewController.swift */; };
		9D13FF772870339400B38051 /* PostingStoryboard.storyboard in Resources */ = {isa = PBXBuildFile; fileRef = 9D13FF762870339400B38051 /* PostingStoryboard.storyboard */; };
		9D4E9258286745C30009F6E1 /* AppDelegate.swift in Sources */ = {isa = PBXBuildFile; fileRef = 9D4E9257286745C30009F6E1 /* AppDelegate.swift */; };
		9D4E925A286745C30009F6E1 /* SceneDelegate.swift in Sources */ = {isa = PBXBuildFile; fileRef = 9D4E9259286745C30009F6E1 /* SceneDelegate.swift */; };
		9D4E925C286745C30009F6E1 /* ViewController.swift in Sources */ = {isa = PBXBuildFile; fileRef = 9D4E925B286745C30009F6E1 /* ViewController.swift */; };
		9D4E925F286745C30009F6E1 /* Main.storyboard in Resources */ = {isa = PBXBuildFile; fileRef = 9D4E925D286745C30009F6E1 /* Main.storyboard */; };
		9D4E9261286745C40009F6E1 /* Assets.xcassets in Resources */ = {isa = PBXBuildFile; fileRef = 9D4E9260286745C40009F6E1 /* Assets.xcassets */; };
		9D4E9264286745C40009F6E1 /* LaunchScreen.storyboard in Resources */ = {isa = PBXBuildFile; fileRef = 9D4E9262286745C40009F6E1 /* LaunchScreen.storyboard */; };
		9D4E926F286748050009F6E1 /* Kingfisher in Frameworks */ = {isa = PBXBuildFile; productRef = 9D4E926E286748050009F6E1 /* Kingfisher */; };
		9D4E9272286748E20009F6E1 /* Lottie in Frameworks */ = {isa = PBXBuildFile; productRef = 9D4E9271286748E20009F6E1 /* Lottie */; };
		9D5E0CEE28715D7D00A3705C /* Akzidenz-Grotesk BQ Bold.ttf in Resources */ = {isa = PBXBuildFile; fileRef = 9D5E0CEA28715CCE00A3705C /* Akzidenz-Grotesk BQ Bold.ttf */; };
		9D5E0CEF28715D8000A3705C /* Pretendard-Bold.otf in Resources */ = {isa = PBXBuildFile; fileRef = 9D5E0CEB28715D3600A3705C /* Pretendard-Bold.otf */; };
		9D5E0CF028715D8200A3705C /* Pretendard-Medium.otf in Resources */ = {isa = PBXBuildFile; fileRef = 9D5E0CED28715D3600A3705C /* Pretendard-Medium.otf */; };
		9D5E0CF128715D8400A3705C /* Pretendard-SemiBold.otf in Resources */ = {isa = PBXBuildFile; fileRef = 9D5E0CEC28715D3600A3705C /* Pretendard-SemiBold.otf */; };
		9D916E462875A97B004B2D3E /* RoundView.swift in Sources */ = {isa = PBXBuildFile; fileRef = 9D916E452875A97B004B2D3E /* RoundView.swift */; };
		9DCAE8A6287024DA009578E1 /* RxCocoa in Frameworks */ = {isa = PBXBuildFile; productRef = 9DCAE8A5287024DA009578E1 /* RxCocoa */; };
		9DCAE8A8287024DE009578E1 /* RxSwift in Frameworks */ = {isa = PBXBuildFile; productRef = 9DCAE8A7287024DE009578E1 /* RxSwift */; };
		9DD3BC0528702BCE007907DC /* Colors.xcassets in Resources */ = {isa = PBXBuildFile; fileRef = 9DD3BC0428702BCE007907DC /* Colors.xcassets */; };
		9DD63FFE28719C8A000D9C32 /* PostingViewModel.swift in Sources */ = {isa = PBXBuildFile; fileRef = 9DD63FFD28719C8A000D9C32 /* PostingViewModel.swift */; };
		9DD6400028719D78000D9C32 /* PostModel.swift in Sources */ = {isa = PBXBuildFile; fileRef = 9DD63FFF28719D78000D9C32 /* PostModel.swift */; };
		9DD640022871A1DB000D9C32 /* PostTableViewCell.swift in Sources */ = {isa = PBXBuildFile; fileRef = 9DD640012871A1DB000D9C32 /* PostTableViewCell.swift */; };
/* End PBXBuildFile section */

/* Begin PBXFileReference section */
		9D0DCFC028718CFA00039594 /* SelectableButton.swift */ = {isa = PBXFileReference; lastKnownFileType = sourcecode.swift; path = SelectableButton.swift; sourceTree = "<group>"; };
		9D13FF742870334D00B38051 /* PostingMainViewController.swift */ = {isa = PBXFileReference; lastKnownFileType = sourcecode.swift; path = PostingMainViewController.swift; sourceTree = "<group>"; };
		9D13FF762870339400B38051 /* PostingStoryboard.storyboard */ = {isa = PBXFileReference; lastKnownFileType = file.storyboard; path = PostingStoryboard.storyboard; sourceTree = "<group>"; };
		9D4E9254286745C30009F6E1 /* DamgleDamgle_iOS.app */ = {isa = PBXFileReference; explicitFileType = wrapper.application; includeInIndex = 0; path = DamgleDamgle_iOS.app; sourceTree = BUILT_PRODUCTS_DIR; };
		9D4E9257286745C30009F6E1 /* AppDelegate.swift */ = {isa = PBXFileReference; lastKnownFileType = sourcecode.swift; path = AppDelegate.swift; sourceTree = "<group>"; };
		9D4E9259286745C30009F6E1 /* SceneDelegate.swift */ = {isa = PBXFileReference; lastKnownFileType = sourcecode.swift; path = SceneDelegate.swift; sourceTree = "<group>"; };
		9D4E925B286745C30009F6E1 /* ViewController.swift */ = {isa = PBXFileReference; lastKnownFileType = sourcecode.swift; path = ViewController.swift; sourceTree = "<group>"; };
		9D4E925E286745C30009F6E1 /* Base */ = {isa = PBXFileReference; lastKnownFileType = file.storyboard; name = Base; path = Base.lproj/Main.storyboard; sourceTree = "<group>"; };
		9D4E9260286745C40009F6E1 /* Assets.xcassets */ = {isa = PBXFileReference; lastKnownFileType = folder.assetcatalog; path = Assets.xcassets; sourceTree = "<group>"; };
		9D4E9263286745C40009F6E1 /* Base */ = {isa = PBXFileReference; lastKnownFileType = file.storyboard; name = Base; path = Base.lproj/LaunchScreen.storyboard; sourceTree = "<group>"; };
		9D4E9265286745C40009F6E1 /* Info.plist */ = {isa = PBXFileReference; lastKnownFileType = text.plist.xml; path = Info.plist; sourceTree = "<group>"; };
		9D5E0CEA28715CCE00A3705C /* Akzidenz-Grotesk BQ Bold.ttf */ = {isa = PBXFileReference; lastKnownFileType = file; path = "Akzidenz-Grotesk BQ Bold.ttf"; sourceTree = "<group>"; };
		9D5E0CEB28715D3600A3705C /* Pretendard-Bold.otf */ = {isa = PBXFileReference; lastKnownFileType = file; path = "Pretendard-Bold.otf"; sourceTree = "<group>"; };
		9D5E0CEC28715D3600A3705C /* Pretendard-SemiBold.otf */ = {isa = PBXFileReference; lastKnownFileType = file; path = "Pretendard-SemiBold.otf"; sourceTree = "<group>"; };
		9D5E0CED28715D3600A3705C /* Pretendard-Medium.otf */ = {isa = PBXFileReference; lastKnownFileType = file; path = "Pretendard-Medium.otf"; sourceTree = "<group>"; };
		9D916E452875A97B004B2D3E /* RoundView.swift */ = {isa = PBXFileReference; lastKnownFileType = sourcecode.swift; path = RoundView.swift; sourceTree = "<group>"; };
		9DD3BC0428702BCE007907DC /* Colors.xcassets */ = {isa = PBXFileReference; lastKnownFileType = folder.assetcatalog; path = Colors.xcassets; sourceTree = "<group>"; };
		9DD63FFD28719C8A000D9C32 /* PostingViewModel.swift */ = {isa = PBXFileReference; lastKnownFileType = sourcecode.swift; path = PostingViewModel.swift; sourceTree = "<group>"; };
		9DD63FFF28719D78000D9C32 /* PostModel.swift */ = {isa = PBXFileReference; lastKnownFileType = sourcecode.swift; path = PostModel.swift; sourceTree = "<group>"; };
		9DD640012871A1DB000D9C32 /* PostTableViewCell.swift */ = {isa = PBXFileReference; lastKnownFileType = sourcecode.swift; path = PostTableViewCell.swift; sourceTree = "<group>"; };
/* End PBXFileReference section */

/* Begin PBXFrameworksBuildPhase section */
		9D4E9251286745C30009F6E1 /* Frameworks */ = {
			isa = PBXFrameworksBuildPhase;
			buildActionMask = 2147483647;
			files = (
				9DCAE8A6287024DA009578E1 /* RxCocoa in Frameworks */,
				9D4E926F286748050009F6E1 /* Kingfisher in Frameworks */,
				9DCAE8A8287024DE009578E1 /* RxSwift in Frameworks */,
				9D4E9272286748E20009F6E1 /* Lottie in Frameworks */,
			);
			runOnlyForDeploymentPostprocessing = 0;
		};
/* End PBXFrameworksBuildPhase section */

/* Begin PBXGroup section */
		9D13FF732870333800B38051 /* Posting */ = {
			isa = PBXGroup;
			children = (
				9D13FF742870334D00B38051 /* PostingMainViewController.swift */,
				9DD640012871A1DB000D9C32 /* PostTableViewCell.swift */,
				9DD63FFD28719C8A000D9C32 /* PostingViewModel.swift */,
				9DD63FFF28719D78000D9C32 /* PostModel.swift */,
				9D13FF762870339400B38051 /* PostingStoryboard.storyboard */,
			);
			path = Posting;
			sourceTree = "<group>";
		};
		9D4E924B286745C30009F6E1 = {
			isa = PBXGroup;
			children = (
				9D4E9256286745C30009F6E1 /* DamgleDamgle_iOS */,
				9D4E9255286745C30009F6E1 /* Products */,
				9D4E926C2867475B0009F6E1 /* Frameworks */,
			);
			sourceTree = "<group>";
		};
		9D4E9255286745C30009F6E1 /* Products */ = {
			isa = PBXGroup;
			children = (
				9D4E9254286745C30009F6E1 /* DamgleDamgle_iOS.app */,
			);
			name = Products;
			sourceTree = "<group>";
		};
		9D4E9256286745C30009F6E1 /* DamgleDamgle_iOS */ = {
			isa = PBXGroup;
			children = (
				9D13FF732870333800B38051 /* Posting */,
				9D4E9257286745C30009F6E1 /* AppDelegate.swift */,
				9D4E9259286745C30009F6E1 /* SceneDelegate.swift */,
				9D4E925B286745C30009F6E1 /* ViewController.swift */,
				9D4E925D286745C30009F6E1 /* Main.storyboard */,
				9D5E0CE628715B3C00A3705C /* Global */,
				9D4E9260286745C40009F6E1 /* Assets.xcassets */,
				9DD3BC0428702BCE007907DC /* Colors.xcassets */,
				9D4E9262286745C40009F6E1 /* LaunchScreen.storyboard */,
				9D4E9265286745C40009F6E1 /* Info.plist */,
			);
			path = DamgleDamgle_iOS;
			sourceTree = "<group>";
		};
		9D4E926C2867475B0009F6E1 /* Frameworks */ = {
			isa = PBXGroup;
			children = (
			);
			name = Frameworks;
			sourceTree = "<group>";
		};
		9D5E0CE628715B3C00A3705C /* Global */ = {
			isa = PBXGroup;
			children = (
				9D5E0CE928715BC100A3705C /* Fonts */,
				9D5E0CE828715B9200A3705C /* Components */,
				9D5E0CE728715B5F00A3705C /* Extension */,
			);
			path = Global;
			sourceTree = "<group>";
		};
		9D5E0CE728715B5F00A3705C /* Extension */ = {
			isa = PBXGroup;
			children = (
			);
			path = Extension;
			sourceTree = "<group>";
		};
		9D5E0CE828715B9200A3705C /* Components */ = {
			isa = PBXGroup;
			children = (
				9D0DCFC028718CFA00039594 /* SelectableButton.swift */,
				9D916E452875A97B004B2D3E /* RoundView.swift */,
			);
			path = Components;
			sourceTree = "<group>";
		};
		9D5E0CE928715BC100A3705C /* Fonts */ = {
			isa = PBXGroup;
			children = (
				9D5E0CEA28715CCE00A3705C /* Akzidenz-Grotesk BQ Bold.ttf */,
				9D5E0CEB28715D3600A3705C /* Pretendard-Bold.otf */,
				9D5E0CED28715D3600A3705C /* Pretendard-Medium.otf */,
				9D5E0CEC28715D3600A3705C /* Pretendard-SemiBold.otf */,
			);
			path = Fonts;
			sourceTree = "<group>";
		};
/* End PBXGroup section */

/* Begin PBXNativeTarget section */
		9D4E9253286745C30009F6E1 /* DamgleDamgle_iOS */ = {
			isa = PBXNativeTarget;
			buildConfigurationList = 9D4E9268286745C40009F6E1 /* Build configuration list for PBXNativeTarget "DamgleDamgle_iOS" */;
			buildPhases = (
				9D0A11BF2875953C00E7D123 /* ShellScript */,
				9D4E9250286745C30009F6E1 /* Sources */,
				9D4E9251286745C30009F6E1 /* Frameworks */,
				9D4E9252286745C30009F6E1 /* Resources */,
			);
			buildRules = (
			);
			dependencies = (
			);
			name = DamgleDamgle_iOS;
			packageProductDependencies = (
				9D4E926E286748050009F6E1 /* Kingfisher */,
				9D4E9271286748E20009F6E1 /* Lottie */,
				9DCAE8A5287024DA009578E1 /* RxCocoa */,
				9DCAE8A7287024DE009578E1 /* RxSwift */,
			);
			productName = DamgleDamgle_iOS;
			productReference = 9D4E9254286745C30009F6E1 /* DamgleDamgle_iOS.app */;
			productType = "com.apple.product-type.application";
		};
/* End PBXNativeTarget section */

/* Begin PBXProject section */
		9D4E924C286745C30009F6E1 /* Project object */ = {
			isa = PBXProject;
			attributes = {
				BuildIndependentTargetsInParallel = 1;
				LastSwiftUpdateCheck = 1320;
				LastUpgradeCheck = 1320;
				TargetAttributes = {
					9D4E9253286745C30009F6E1 = {
						CreatedOnToolsVersion = 13.2.1;
					};
				};
			};
			buildConfigurationList = 9D4E924F286745C30009F6E1 /* Build configuration list for PBXProject "DamgleDamgle_iOS" */;
			compatibilityVersion = "Xcode 13.0";
			developmentRegion = en;
			hasScannedForEncodings = 0;
			knownRegions = (
				en,
				Base,
			);
			mainGroup = 9D4E924B286745C30009F6E1;
			packageReferences = (
				9D4E926B286746EE0009F6E1 /* XCRemoteSwiftPackageReference "RxSwift" */,
				9D4E926D286748050009F6E1 /* XCRemoteSwiftPackageReference "Kingfisher" */,
				9D4E9270286748E20009F6E1 /* XCRemoteSwiftPackageReference "lottie-ios" */,
			);
			productRefGroup = 9D4E9255286745C30009F6E1 /* Products */;
			projectDirPath = "";
			projectRoot = "";
			targets = (
				9D4E9253286745C30009F6E1 /* DamgleDamgle_iOS */,
			);
		};
/* End PBXProject section */

/* Begin PBXResourcesBuildPhase section */
		9D4E9252286745C30009F6E1 /* Resources */ = {
			isa = PBXResourcesBuildPhase;
			buildActionMask = 2147483647;
			files = (
				9D13FF772870339400B38051 /* PostingStoryboard.storyboard in Resources */,
				9D5E0CF028715D8200A3705C /* Pretendard-Medium.otf in Resources */,
				9D4E9264286745C40009F6E1 /* LaunchScreen.storyboard in Resources */,
				9D5E0CEF28715D8000A3705C /* Pretendard-Bold.otf in Resources */,
				9D5E0CF128715D8400A3705C /* Pretendard-SemiBold.otf in Resources */,
				9DD3BC0528702BCE007907DC /* Colors.xcassets in Resources */,
				9D4E9261286745C40009F6E1 /* Assets.xcassets in Resources */,
				9D5E0CEE28715D7D00A3705C /* Akzidenz-Grotesk BQ Bold.ttf in Resources */,
				9D4E925F286745C30009F6E1 /* Main.storyboard in Resources */,
			);
			runOnlyForDeploymentPostprocessing = 0;
		};
/* End PBXResourcesBuildPhase section */

/* Begin PBXShellScriptBuildPhase section */
		9D0A11BF2875953C00E7D123 /* ShellScript */ = {
			isa = PBXShellScriptBuildPhase;
			buildActionMask = 2147483647;
			files = (
			);
			inputFileListPaths = (
			);
			inputPaths = (
			);
			outputFileListPaths = (
			);
			outputPaths = (
			);
			runOnlyForDeploymentPostprocessing = 0;
			shellPath = /bin/sh;
			shellScript = "# Type a script oif which swiftlint >/dev/null; then\nif which swiftlint >/dev/null; then\n  swiftlint\nelse\n  echo \"warning: SwiftLint not installed, download from https://github.com/realm/SwiftLint\"\nfi\n";
		};
/* End PBXShellScriptBuildPhase section */

/* Begin PBXSourcesBuildPhase section */
		9D4E9250286745C30009F6E1 /* Sources */ = {
			isa = PBXSourcesBuildPhase;
			buildActionMask = 2147483647;
			files = (
				9D0DCFC128718CFA00039594 /* SelectableButton.swift in Sources */,
				9DD63FFE28719C8A000D9C32 /* PostingViewModel.swift in Sources */,
				9D4E925C286745C30009F6E1 /* ViewController.swift in Sources */,
				9DD640022871A1DB000D9C32 /* PostTableViewCell.swift in Sources */,
				9DD6400028719D78000D9C32 /* PostModel.swift in Sources */,
				9D4E9258286745C30009F6E1 /* AppDelegate.swift in Sources */,
				9D13FF752870334D00B38051 /* PostingMainViewController.swift in Sources */,
				9D916E462875A97B004B2D3E /* RoundView.swift in Sources */,
				9D4E925A286745C30009F6E1 /* SceneDelegate.swift in Sources */,
			);
			runOnlyForDeploymentPostprocessing = 0;
		};
/* End PBXSourcesBuildPhase section */

/* Begin PBXVariantGroup section */
		9D4E925D286745C30009F6E1 /* Main.storyboard */ = {
			isa = PBXVariantGroup;
			children = (
				9D4E925E286745C30009F6E1 /* Base */,
			);
			name = Main.storyboard;
			sourceTree = "<group>";
		};
		9D4E9262286745C40009F6E1 /* LaunchScreen.storyboard */ = {
			isa = PBXVariantGroup;
			children = (
				9D4E9263286745C40009F6E1 /* Base */,
			);
			name = LaunchScreen.storyboard;
			sourceTree = "<group>";
		};
/* End PBXVariantGroup section */

/* Begin XCBuildConfiguration section */
		9D4E9266286745C40009F6E1 /* Debug */ = {
			isa = XCBuildConfiguration;
			buildSettings = {
				ALWAYS_SEARCH_USER_PATHS = NO;
				CLANG_ANALYZER_NONNULL = YES;
				CLANG_ANALYZER_NUMBER_OBJECT_CONVERSION = YES_AGGRESSIVE;
				CLANG_CXX_LANGUAGE_STANDARD = "gnu++17";
				CLANG_CXX_LIBRARY = "libc++";
				CLANG_ENABLE_MODULES = YES;
				CLANG_ENABLE_OBJC_ARC = YES;
				CLANG_ENABLE_OBJC_WEAK = YES;
				CLANG_WARN_BLOCK_CAPTURE_AUTORELEASING = YES;
				CLANG_WARN_BOOL_CONVERSION = YES;
				CLANG_WARN_COMMA = YES;
				CLANG_WARN_CONSTANT_CONVERSION = YES;
				CLANG_WARN_DEPRECATED_OBJC_IMPLEMENTATIONS = YES;
				CLANG_WARN_DIRECT_OBJC_ISA_USAGE = YES_ERROR;
				CLANG_WARN_DOCUMENTATION_COMMENTS = YES;
				CLANG_WARN_EMPTY_BODY = YES;
				CLANG_WARN_ENUM_CONVERSION = YES;
				CLANG_WARN_INFINITE_RECURSION = YES;
				CLANG_WARN_INT_CONVERSION = YES;
				CLANG_WARN_NON_LITERAL_NULL_CONVERSION = YES;
				CLANG_WARN_OBJC_IMPLICIT_RETAIN_SELF = YES;
				CLANG_WARN_OBJC_LITERAL_CONVERSION = YES;
				CLANG_WARN_OBJC_ROOT_CLASS = YES_ERROR;
				CLANG_WARN_QUOTED_INCLUDE_IN_FRAMEWORK_HEADER = YES;
				CLANG_WARN_RANGE_LOOP_ANALYSIS = YES;
				CLANG_WARN_STRICT_PROTOTYPES = YES;
				CLANG_WARN_SUSPICIOUS_MOVE = YES;
				CLANG_WARN_UNGUARDED_AVAILABILITY = YES_AGGRESSIVE;
				CLANG_WARN_UNREACHABLE_CODE = YES;
				CLANG_WARN__DUPLICATE_METHOD_MATCH = YES;
				COPY_PHASE_STRIP = NO;
				DEBUG_INFORMATION_FORMAT = dwarf;
				ENABLE_STRICT_OBJC_MSGSEND = YES;
				ENABLE_TESTABILITY = YES;
				GCC_C_LANGUAGE_STANDARD = gnu11;
				GCC_DYNAMIC_NO_PIC = NO;
				GCC_NO_COMMON_BLOCKS = YES;
				GCC_OPTIMIZATION_LEVEL = 0;
				GCC_PREPROCESSOR_DEFINITIONS = (
					"DEBUG=1",
					"$(inherited)",
				);
				GCC_WARN_64_TO_32_BIT_CONVERSION = YES;
				GCC_WARN_ABOUT_RETURN_TYPE = YES_ERROR;
				GCC_WARN_UNDECLARED_SELECTOR = YES;
				GCC_WARN_UNINITIALIZED_AUTOS = YES_AGGRESSIVE;
				GCC_WARN_UNUSED_FUNCTION = YES;
				GCC_WARN_UNUSED_VARIABLE = YES;
				IPHONEOS_DEPLOYMENT_TARGET = 15.2;
				MTL_ENABLE_DEBUG_INFO = INCLUDE_SOURCE;
				MTL_FAST_MATH = YES;
				ONLY_ACTIVE_ARCH = YES;
				SDKROOT = iphoneos;
				SWIFT_ACTIVE_COMPILATION_CONDITIONS = DEBUG;
				SWIFT_OPTIMIZATION_LEVEL = "-Onone";
			};
			name = Debug;
		};
		9D4E9267286745C40009F6E1 /* Release */ = {
			isa = XCBuildConfiguration;
			buildSettings = {
				ALWAYS_SEARCH_USER_PATHS = NO;
				CLANG_ANALYZER_NONNULL = YES;
				CLANG_ANALYZER_NUMBER_OBJECT_CONVERSION = YES_AGGRESSIVE;
				CLANG_CXX_LANGUAGE_STANDARD = "gnu++17";
				CLANG_CXX_LIBRARY = "libc++";
				CLANG_ENABLE_MODULES = YES;
				CLANG_ENABLE_OBJC_ARC = YES;
				CLANG_ENABLE_OBJC_WEAK = YES;
				CLANG_WARN_BLOCK_CAPTURE_AUTORELEASING = YES;
				CLANG_WARN_BOOL_CONVERSION = YES;
				CLANG_WARN_COMMA = YES;
				CLANG_WARN_CONSTANT_CONVERSION = YES;
				CLANG_WARN_DEPRECATED_OBJC_IMPLEMENTATIONS = YES;
				CLANG_WARN_DIRECT_OBJC_ISA_USAGE = YES_ERROR;
				CLANG_WARN_DOCUMENTATION_COMMENTS = YES;
				CLANG_WARN_EMPTY_BODY = YES;
				CLANG_WARN_ENUM_CONVERSION = YES;
				CLANG_WARN_INFINITE_RECURSION = YES;
				CLANG_WARN_INT_CONVERSION = YES;
				CLANG_WARN_NON_LITERAL_NULL_CONVERSION = YES;
				CLANG_WARN_OBJC_IMPLICIT_RETAIN_SELF = YES;
				CLANG_WARN_OBJC_LITERAL_CONVERSION = YES;
				CLANG_WARN_OBJC_ROOT_CLASS = YES_ERROR;
				CLANG_WARN_QUOTED_INCLUDE_IN_FRAMEWORK_HEADER = YES;
				CLANG_WARN_RANGE_LOOP_ANALYSIS = YES;
				CLANG_WARN_STRICT_PROTOTYPES = YES;
				CLANG_WARN_SUSPICIOUS_MOVE = YES;
				CLANG_WARN_UNGUARDED_AVAILABILITY = YES_AGGRESSIVE;
				CLANG_WARN_UNREACHABLE_CODE = YES;
				CLANG_WARN__DUPLICATE_METHOD_MATCH = YES;
				COPY_PHASE_STRIP = NO;
				DEBUG_INFORMATION_FORMAT = "dwarf-with-dsym";
				ENABLE_NS_ASSERTIONS = NO;
				ENABLE_STRICT_OBJC_MSGSEND = YES;
				GCC_C_LANGUAGE_STANDARD = gnu11;
				GCC_NO_COMMON_BLOCKS = YES;
				GCC_WARN_64_TO_32_BIT_CONVERSION = YES;
				GCC_WARN_ABOUT_RETURN_TYPE = YES_ERROR;
				GCC_WARN_UNDECLARED_SELECTOR = YES;
				GCC_WARN_UNINITIALIZED_AUTOS = YES_AGGRESSIVE;
				GCC_WARN_UNUSED_FUNCTION = YES;
				GCC_WARN_UNUSED_VARIABLE = YES;
				IPHONEOS_DEPLOYMENT_TARGET = 15.2;
				MTL_ENABLE_DEBUG_INFO = NO;
				MTL_FAST_MATH = YES;
				SDKROOT = iphoneos;
				SWIFT_COMPILATION_MODE = wholemodule;
				SWIFT_OPTIMIZATION_LEVEL = "-O";
				VALIDATE_PRODUCT = YES;
			};
			name = Release;
		};
		9D4E9269286745C40009F6E1 /* Debug */ = {
			isa = XCBuildConfiguration;
			buildSettings = {
				ASSETCATALOG_COMPILER_APPICON_NAME = AppIcon;
				ASSETCATALOG_COMPILER_GLOBAL_ACCENT_COLOR_NAME = AccentColor;
				CODE_SIGN_STYLE = Automatic;
				CURRENT_PROJECT_VERSION = 1;
				GENERATE_INFOPLIST_FILE = YES;
				INFOPLIST_FILE = DamgleDamgle_iOS/Info.plist;
				INFOPLIST_KEY_UIApplicationSupportsIndirectInputEvents = YES;
				INFOPLIST_KEY_UILaunchStoryboardName = LaunchScreen;
				INFOPLIST_KEY_UIMainStoryboardFile = Main;
				INFOPLIST_KEY_UISupportedInterfaceOrientations_iPad = "UIInterfaceOrientationPortrait UIInterfaceOrientationPortraitUpsideDown UIInterfaceOrientationLandscapeLeft UIInterfaceOrientationLandscapeRight";
				INFOPLIST_KEY_UISupportedInterfaceOrientations_iPhone = "UIInterfaceOrientationPortrait UIInterfaceOrientationLandscapeLeft UIInterfaceOrientationLandscapeRight";
				LD_RUNPATH_SEARCH_PATHS = (
					"$(inherited)",
					"@executable_path/Frameworks",
				);
				MARKETING_VERSION = 1.0;
				PRODUCT_BUNDLE_IDENTIFIER = "co.kr.CWS.DamgleDamgle-iOS";
				PRODUCT_NAME = "$(TARGET_NAME)";
				SWIFT_EMIT_LOC_STRINGS = YES;
				SWIFT_VERSION = 5.0;
				TARGETED_DEVICE_FAMILY = "1,2";
			};
			name = Debug;
		};
		9D4E926A286745C40009F6E1 /* Release */ = {
			isa = XCBuildConfiguration;
			buildSettings = {
				ASSETCATALOG_COMPILER_APPICON_NAME = AppIcon;
				ASSETCATALOG_COMPILER_GLOBAL_ACCENT_COLOR_NAME = AccentColor;
				CODE_SIGN_STYLE = Automatic;
				CURRENT_PROJECT_VERSION = 1;
				GENERATE_INFOPLIST_FILE = YES;
				INFOPLIST_FILE = DamgleDamgle_iOS/Info.plist;
				INFOPLIST_KEY_UIApplicationSupportsIndirectInputEvents = YES;
				INFOPLIST_KEY_UILaunchStoryboardName = LaunchScreen;
				INFOPLIST_KEY_UIMainStoryboardFile = Main;
				INFOPLIST_KEY_UISupportedInterfaceOrientations_iPad = "UIInterfaceOrientationPortrait UIInterfaceOrientationPortraitUpsideDown UIInterfaceOrientationLandscapeLeft UIInterfaceOrientationLandscapeRight";
				INFOPLIST_KEY_UISupportedInterfaceOrientations_iPhone = "UIInterfaceOrientationPortrait UIInterfaceOrientationLandscapeLeft UIInterfaceOrientationLandscapeRight";
				LD_RUNPATH_SEARCH_PATHS = (
					"$(inherited)",
					"@executable_path/Frameworks",
				);
				MARKETING_VERSION = 1.0;
				PRODUCT_BUNDLE_IDENTIFIER = "co.kr.CWS.DamgleDamgle-iOS";
				PRODUCT_NAME = "$(TARGET_NAME)";
				SWIFT_EMIT_LOC_STRINGS = YES;
				SWIFT_VERSION = 5.0;
				TARGETED_DEVICE_FAMILY = "1,2";
			};
			name = Release;
		};
/* End XCBuildConfiguration section */

/* Begin XCConfigurationList section */
		9D4E924F286745C30009F6E1 /* Build configuration list for PBXProject "DamgleDamgle_iOS" */ = {
			isa = XCConfigurationList;
			buildConfigurations = (
				9D4E9266286745C40009F6E1 /* Debug */,
				9D4E9267286745C40009F6E1 /* Release */,
			);
			defaultConfigurationIsVisible = 0;
			defaultConfigurationName = Release;
		};
		9D4E9268286745C40009F6E1 /* Build configuration list for PBXNativeTarget "DamgleDamgle_iOS" */ = {
			isa = XCConfigurationList;
			buildConfigurations = (
				9D4E9269286745C40009F6E1 /* Debug */,
				9D4E926A286745C40009F6E1 /* Release */,
			);
			defaultConfigurationIsVisible = 0;
			defaultConfigurationName = Release;
		};
/* End XCConfigurationList section */

/* Begin XCRemoteSwiftPackageReference section */
		9D4E926B286746EE0009F6E1 /* XCRemoteSwiftPackageReference "RxSwift" */ = {
			isa = XCRemoteSwiftPackageReference;
			repositoryURL = "https://github.com/ReactiveX/RxSwift.git";
			requirement = {
				branch = main;
				kind = branch;
			};
		};
		9D4E926D286748050009F6E1 /* XCRemoteSwiftPackageReference "Kingfisher" */ = {
			isa = XCRemoteSwiftPackageReference;
			repositoryURL = "https://github.com/onevcat/Kingfisher.git";
			requirement = {
				kind = upToNextMajorVersion;
				minimumVersion = 7.0.0;
			};
		};
		9D4E9270286748E20009F6E1 /* XCRemoteSwiftPackageReference "lottie-ios" */ = {
			isa = XCRemoteSwiftPackageReference;
			repositoryURL = "https://github.com/airbnb/lottie-ios.git";
			requirement = {
				kind = upToNextMajorVersion;
				minimumVersion = 3.0.0;
			};
		};
/* End XCRemoteSwiftPackageReference section */

/* Begin XCSwiftPackageProductDependency section */
		9D4E926E286748050009F6E1 /* Kingfisher */ = {
			isa = XCSwiftPackageProductDependency;
			package = 9D4E926D286748050009F6E1 /* XCRemoteSwiftPackageReference "Kingfisher" */;
			productName = Kingfisher;
		};
		9D4E9271286748E20009F6E1 /* Lottie */ = {
			isa = XCSwiftPackageProductDependency;
			package = 9D4E9270286748E20009F6E1 /* XCRemoteSwiftPackageReference "lottie-ios" */;
			productName = Lottie;
		};
		9DCAE8A5287024DA009578E1 /* RxCocoa */ = {
			isa = XCSwiftPackageProductDependency;
			package = 9D4E926B286746EE0009F6E1 /* XCRemoteSwiftPackageReference "RxSwift" */;
			productName = RxCocoa;
		};
		9DCAE8A7287024DE009578E1 /* RxSwift */ = {
			isa = XCSwiftPackageProductDependency;
			package = 9D4E926B286746EE0009F6E1 /* XCRemoteSwiftPackageReference "RxSwift" */;
			productName = RxSwift;
		};
/* End XCSwiftPackageProductDependency section */
	};
	rootObject = 9D4E924C286745C30009F6E1 /* Project object */;
}
