{
  "object": {
    "pins": [
      {
        "package": "Alamofire",
        "repositoryURL": "https://github.com/Alamofire/Alamofire.git",
        "state": {
          "branch": "master",
          "revision": "8dd85aee02e39dd280c75eef88ffdb86eed4b07b",
          "version": null
        }
      },
      {
        "package": "Kingfisher",
        "repositoryURL": "https://github.com/onevcat/Kingfisher.git",
        "state": {
          "branch": "master",
          "revision": "7046ecf52f1b8481709d896bafc8f53f18e39dcb",
          "version": null
        }
      },
      {
        "package": "Lottie",
        "repositoryURL": "https://github.com/airbnb/lottie-ios.git",
        "state": {
          "branch": "master",
          "revision": "b8e3cbe773daa9a78fb38cbb4e118ffe951cd2cc",
          "version": null
        }
      }
    ]
  },
  "version": 1
}
